
Microsoft Visual Studio Solution File, Format Version 12.00
# Visual Studio Version 16
VisualStudioVersion = 16.0.28721.148
MinimumVisualStudioVersion = 10.0.40219.1
Project("{FAE04EC0-301F-11D3-BF4B-00C04F79EFBC}") = "RepositoryPattern", "RepositoryPattern\RepositoryPattern.csproj", "{56BECDC4-F507-4ADD-9EFD-FA8B28A5D84E}"
EndProject
Project("{FAE04EC0-301F-11D3-BF4B-00C04F79EFBC}") = "WebApp", "WebApp\WebApp.csproj", "{0AE98570-7AB6-4B20-9D0F-634ED43840A6}"
EndProject
Project("{FAE04EC0-301F-11D3-BF4B-00C04F79EFBC}") = "WebApp.Tests", "WebApp.Tests\WebApp.Tests.csproj", "{7CF13063-0422-4D32-AC43-73D58186C4A8}"
EndProject
Global
	GlobalSection(SolutionConfigurationPlatforms) = preSolution
		Debug|Any CPU = Debug|Any CPU
		Release|Any CPU = Release|Any CPU
	EndGlobalSection
	GlobalSection(ProjectConfigurationPlatforms) = postSolution
		{56BECDC4-F507-4ADD-9EFD-FA8B28A5D84E}.Debug|Any CPU.ActiveCfg = Debug|Any CPU
		{56BECDC4-F507-4ADD-9EFD-FA8B28A5D84E}.Debug|Any CPU.Build.0 = Debug|Any CPU
		{56BECDC4-F507-4ADD-9EFD-FA8B28A5D84E}.Release|Any CPU.ActiveCfg = Release|Any CPU
		{56BECDC4-F507-4ADD-9EFD-FA8B28A5D84E}.Release|Any CPU.Build.0 = Release|Any CPU
		{0AE98570-7AB6-4B20-9D0F-634ED43840A6}.Debug|Any CPU.ActiveCfg = Debug|Any CPU
		{0AE98570-7AB6-4B20-9D0F-634ED43840A6}.Debug|Any CPU.Build.0 = Debug|Any CPU
		{0AE98570-7AB6-4B20-9D0F-634ED43840A6}.Release|Any CPU.ActiveCfg = Release|Any CPU
		{0AE98570-7AB6-4B20-9D0F-634ED43840A6}.Release|Any CPU.Build.0 = Release|Any CPU
		{7CF13063-0422-4D32-AC43-73D58186C4A8}.Debug|Any CPU.ActiveCfg = Debug|Any CPU
		{7CF13063-0422-4D32-AC43-73D58186C4A8}.Debug|Any CPU.Build.0 = Debug|Any CPU
		{7CF13063-0422-4D32-AC43-73D58186C4A8}.Release|Any CPU.ActiveCfg = Release|Any CPU
		{7CF13063-0422-4D32-AC43-73D58186C4A8}.Release|Any CPU.Build.0 = Release|Any CPU
	EndGlobalSection
	GlobalSection(SolutionProperties) = preSolution
		HideSolutionNode = FALSE
	EndGlobalSection
	GlobalSection(ExtensibilityGlobals) = postSolution
		SolutionGuid = {60F8FA5A-28DF-4D74-8266-9E97D33C6C2A}
	EndGlobalSection
EndGlobal
